{
  "lockfileVersion": 1,
  "configVersion": 1,
  "workspaces": {
    "": {
      "name": "tuntun-scripts",
      "dependencies": {
        "hash-wasm": "latest",
      },
    },
  },
  "packages": {
    "hash-wasm": ["hash-wasm@4.12.0", "", {}, "sha512-+/2B2rYLb48I/evdOIhP+K/DD2ca2fgBjp6O+GBEnCDk2e4rpeXIK8GvIyRPjTezgmWn9gmKwkQjjx6BtqDHVQ=="],
  }
}
